
Microsoft Visual Studio Solution File, Format Version 12.00
# Visual Studio 15
VisualStudioVersion = 15.0.26730.16
MinimumVisualStudioVersion = 10.0.40219.1
Project("{FAE04EC0-301F-11D3-BF4B-00C04F79EFBC}") = "Laberinto2", "Laberinto2\Laberinto2.csproj", "{D9FB95CD-909C-49D4-BB0C-6913D89272E5}"
EndProject
Global
	GlobalSection(SolutionConfigurationPlatforms) = preSolution
		Debug|x86 = Debug|x86
		Release|x86 = Release|x86
	EndGlobalSection
	GlobalSection(ProjectConfigurationPlatforms) = postSolution
		{D9FB95CD-909C-49D4-BB0C-6913D89272E5}.Debug|x86.ActiveCfg = Debug|x86
		{D9FB95CD-909C-49D4-BB0C-6913D89272E5}.Debug|x86.Build.0 = Debug|x86
		{D9FB95CD-909C-49D4-BB0C-6913D89272E5}.Release|x86.ActiveCfg = Release|x86
		{D9FB95CD-909C-49D4-BB0C-6913D89272E5}.Release|x86.Build.0 = Release|x86
	EndGlobalSection
	GlobalSection(SolutionProperties) = preSolution
		HideSolutionNode = FALSE
	EndGlobalSection
	GlobalSection(ExtensibilityGlobals) = postSolution
		SolutionGuid = {87D0A88A-5F50-4460-A82C-5DD4262CFB6B}
	EndGlobalSection
EndGlobal
